
Microsoft Visual Studio Solution File, Format Version 12.00
# Visual Studio Version 17
VisualStudioVersion = 17.14.36203.30 d17.14
MinimumVisualStudioVersion = 10.0.40219.1
Project("{FAE04EC0-301F-11D3-BF4B-00C04F79EFBC}") = "StarPattern7outof22", "StarPattern7outof22.csproj", "{A03A4D9D-A25E-461B-AF83-2800EBE88F62}"
EndProject
Global
	GlobalSection(SolutionConfigurationPlatforms) = preSolution
		Debug|Any CPU = Debug|Any CPU
		Release|Any CPU = Release|Any CPU
	EndGlobalSection
	GlobalSection(ProjectConfigurationPlatforms) = postSolution
		{A03A4D9D-A25E-461B-AF83-2800EBE88F62}.Debug|Any CPU.ActiveCfg = Debug|Any CPU
		{A03A4D9D-A25E-461B-AF83-2800EBE88F62}.Debug|Any CPU.Build.0 = Debug|Any CPU
		{A03A4D9D-A25E-461B-AF83-2800EBE88F62}.Release|Any CPU.ActiveCfg = Release|Any CPU
		{A03A4D9D-A25E-461B-AF83-2800EBE88F62}.Release|Any CPU.Build.0 = Release|Any CPU
	EndGlobalSection
	GlobalSection(SolutionProperties) = preSolution
		HideSolutionNode = FALSE
	EndGlobalSection
	GlobalSection(ExtensibilityGlobals) = postSolution
		SolutionGuid = {95ACA84E-B99B-4EE5-A2E3-F4ADED132E19}
	EndGlobalSection
EndGlobal
