
Microsoft Visual Studio Solution File, Format Version 12.00
# Visual Studio Version 17
VisualStudioVersion = 17.14.36203.30 d17.14
MinimumVisualStudioVersion = 10.0.40219.1
Project("{FAE04EC0-301F-11D3-BF4B-00C04F79EFBC}") = "OpenAiConsoleApp", "OpenAiConsoleApp\OpenAiConsoleApp.csproj", "{0E52019E-4BD5-4684-95E8-BBE4D2F642B8}"
EndProject
Global
	GlobalSection(SolutionConfigurationPlatforms) = preSolution
		Debug|Any CPU = Debug|Any CPU
		Release|Any CPU = Release|Any CPU
	EndGlobalSection
	GlobalSection(ProjectConfigurationPlatforms) = postSolution
		{0E52019E-4BD5-4684-95E8-BBE4D2F642B8}.Debug|Any CPU.ActiveCfg = Debug|Any CPU
		{0E52019E-4BD5-4684-95E8-BBE4D2F642B8}.Debug|Any CPU.Build.0 = Debug|Any CPU
		{0E52019E-4BD5-4684-95E8-BBE4D2F642B8}.Release|Any CPU.ActiveCfg = Release|Any CPU
		{0E52019E-4BD5-4684-95E8-BBE4D2F642B8}.Release|Any CPU.Build.0 = Release|Any CPU
	EndGlobalSection
	GlobalSection(SolutionProperties) = preSolution
		HideSolutionNode = FALSE
	EndGlobalSection
	GlobalSection(ExtensibilityGlobals) = postSolution
		SolutionGuid = {7E8625BE-2B1B-40C1-8C76-DB07A9945D07}
	EndGlobalSection
EndGlobal
