
Microsoft Visual Studio Solution File, Format Version 12.00
# Visual Studio Version 17
VisualStudioVersion = 17.14.36203.30 d17.14
MinimumVisualStudioVersion = 10.0.40219.1
Project("{FAE04EC0-301F-11D3-BF4B-00C04F79EFBC}") = "MqttSubscriber", "MqttSubscriber\MqttSubscriber.csproj", "{07252A4F-0BF6-4A58-BA8E-EA2D783A8CBC}"
EndProject
Global
	GlobalSection(SolutionConfigurationPlatforms) = preSolution
		Debug|Any CPU = Debug|Any CPU
		Release|Any CPU = Release|Any CPU
	EndGlobalSection
	GlobalSection(ProjectConfigurationPlatforms) = postSolution
		{07252A4F-0BF6-4A58-BA8E-EA2D783A8CBC}.Debug|Any CPU.ActiveCfg = Debug|Any CPU
		{07252A4F-0BF6-4A58-BA8E-EA2D783A8CBC}.Debug|Any CPU.Build.0 = Debug|Any CPU
		{07252A4F-0BF6-4A58-BA8E-EA2D783A8CBC}.Release|Any CPU.ActiveCfg = Release|Any CPU
		{07252A4F-0BF6-4A58-BA8E-EA2D783A8CBC}.Release|Any CPU.Build.0 = Release|Any CPU
	EndGlobalSection
	GlobalSection(SolutionProperties) = preSolution
		HideSolutionNode = FALSE
	EndGlobalSection
	GlobalSection(ExtensibilityGlobals) = postSolution
		SolutionGuid = {F9D84F5B-BBAD-44A4-8C98-310FFE25D005}
	EndGlobalSection
EndGlobal
