
Microsoft Visual Studio Solution File, Format Version 12.00
# Visual Studio Version 17
VisualStudioVersion = 17.14.36203.30 d17.14
MinimumVisualStudioVersion = 10.0.40219.1
Project("{FAE04EC0-301F-11D3-BF4B-00C04F79EFBC}") = "Count_digits_in_a_number", "Count_digits_in_a_number.csproj", "{D3BCE6A0-76E7-4ADA-B4B6-6EBBFE432287}"
EndProject
Global
	GlobalSection(SolutionConfigurationPlatforms) = preSolution
		Debug|Any CPU = Debug|Any CPU
		Release|Any CPU = Release|Any CPU
	EndGlobalSection
	GlobalSection(ProjectConfigurationPlatforms) = postSolution
		{D3BCE6A0-76E7-4ADA-B4B6-6EBBFE432287}.Debug|Any CPU.ActiveCfg = Debug|Any CPU
		{D3BCE6A0-76E7-4ADA-B4B6-6EBBFE432287}.Debug|Any CPU.Build.0 = Debug|Any CPU
		{D3BCE6A0-76E7-4ADA-B4B6-6EBBFE432287}.Release|Any CPU.ActiveCfg = Release|Any CPU
		{D3BCE6A0-76E7-4ADA-B4B6-6EBBFE432287}.Release|Any CPU.Build.0 = Release|Any CPU
	EndGlobalSection
	GlobalSection(SolutionProperties) = preSolution
		HideSolutionNode = FALSE
	EndGlobalSection
	GlobalSection(ExtensibilityGlobals) = postSolution
		SolutionGuid = {09666BE1-7CD8-4EAC-921C-E23C152A118C}
	EndGlobalSection
EndGlobal
