
Microsoft Visual Studio Solution File, Format Version 12.00
# Visual Studio Version 17
VisualStudioVersion = 17.14.36203.30 d17.14
MinimumVisualStudioVersion = 10.0.40219.1
Project("{FAE04EC0-301F-11D3-BF4B-00C04F79EFBC}") = "Print_all_Divisors", "Print_all_Divisors.csproj", "{EEA3806E-CF6B-4685-8B22-C595B9ABE229}"
EndProject
Global
	GlobalSection(SolutionConfigurationPlatforms) = preSolution
		Debug|Any CPU = Debug|Any CPU
		Release|Any CPU = Release|Any CPU
	EndGlobalSection
	GlobalSection(ProjectConfigurationPlatforms) = postSolution
		{EEA3806E-CF6B-4685-8B22-C595B9ABE229}.Debug|Any CPU.ActiveCfg = Debug|Any CPU
		{EEA3806E-CF6B-4685-8B22-C595B9ABE229}.Debug|Any CPU.Build.0 = Debug|Any CPU
		{EEA3806E-CF6B-4685-8B22-C595B9ABE229}.Release|Any CPU.ActiveCfg = Release|Any CPU
		{EEA3806E-CF6B-4685-8B22-C595B9ABE229}.Release|Any CPU.Build.0 = Release|Any CPU
	EndGlobalSection
	GlobalSection(SolutionProperties) = preSolution
		HideSolutionNode = FALSE
	EndGlobalSection
	GlobalSection(ExtensibilityGlobals) = postSolution
		SolutionGuid = {F076A34E-6E0C-447C-A328-8C7755A6F567}
	EndGlobalSection
EndGlobal
